
Microsoft Visual Studio Solution File, Format Version 12.00
# Visual Studio Version 17
VisualStudioVersion = 17.11.35312.102
MinimumVisualStudioVersion = 10.0.40219.1
Project("{9A19103F-16F7-4668-BE54-9A1E7A4F7556}") = "Allup.Presentation", "Allup.Presentation\Allup.Presentation.csproj", "{2740D56F-8448-48A9-99AB-FCF6ECFEB1D1}"
EndProject
Project("{9A19103F-16F7-4668-BE54-9A1E7A4F7556}") = "Allup.Domain", "Allup.Domain\Allup.Domain.csproj", "{78697561-1A74-4301-AB21-53EBF6B18A3E}"
EndProject
Project("{FAE04EC0-301F-11D3-BF4B-00C04F79EFBC}") = "Allup.Persistence", "Allup.Persistence\Allup.Persistence.csproj", "{97A417CC-D029-477C-BAAE-A1B9D0D72409}"
EndProject
Project("{FAE04EC0-301F-11D3-BF4B-00C04F79EFBC}") = "Allup.Application", "Allup.Application\Allup.Application.csproj", "{DF67FBC8-7E78-4D05-B4E4-306DDF56DDE6}"
EndProject
Global
	GlobalSection(SolutionConfigurationPlatforms) = preSolution
		Debug|Any CPU = Debug|Any CPU
		Release|Any CPU = Release|Any CPU
	EndGlobalSection
	GlobalSection(ProjectConfigurationPlatforms) = postSolution
		{2740D56F-8448-48A9-99AB-FCF6ECFEB1D1}.Debug|Any CPU.ActiveCfg = Debug|Any CPU
		{2740D56F-8448-48A9-99AB-FCF6ECFEB1D1}.Debug|Any CPU.Build.0 = Debug|Any CPU
		{2740D56F-8448-48A9-99AB-FCF6ECFEB1D1}.Release|Any CPU.ActiveCfg = Release|Any CPU
		{2740D56F-8448-48A9-99AB-FCF6ECFEB1D1}.Release|Any CPU.Build.0 = Release|Any CPU
		{78697561-1A74-4301-AB21-53EBF6B18A3E}.Debug|Any CPU.ActiveCfg = Debug|Any CPU
		{78697561-1A74-4301-AB21-53EBF6B18A3E}.Debug|Any CPU.Build.0 = Debug|Any CPU
		{78697561-1A74-4301-AB21-53EBF6B18A3E}.Release|Any CPU.ActiveCfg = Release|Any CPU
		{78697561-1A74-4301-AB21-53EBF6B18A3E}.Release|Any CPU.Build.0 = Release|Any CPU
		{97A417CC-D029-477C-BAAE-A1B9D0D72409}.Debug|Any CPU.ActiveCfg = Debug|Any CPU
		{97A417CC-D029-477C-BAAE-A1B9D0D72409}.Debug|Any CPU.Build.0 = Debug|Any CPU
		{97A417CC-D029-477C-BAAE-A1B9D0D72409}.Release|Any CPU.ActiveCfg = Release|Any CPU
		{97A417CC-D029-477C-BAAE-A1B9D0D72409}.Release|Any CPU.Build.0 = Release|Any CPU
		{DF67FBC8-7E78-4D05-B4E4-306DDF56DDE6}.Debug|Any CPU.ActiveCfg = Debug|Any CPU
		{DF67FBC8-7E78-4D05-B4E4-306DDF56DDE6}.Debug|Any CPU.Build.0 = Debug|Any CPU
		{DF67FBC8-7E78-4D05-B4E4-306DDF56DDE6}.Release|Any CPU.ActiveCfg = Release|Any CPU
		{DF67FBC8-7E78-4D05-B4E4-306DDF56DDE6}.Release|Any CPU.Build.0 = Release|Any CPU
	EndGlobalSection
	GlobalSection(SolutionProperties) = preSolution
		HideSolutionNode = FALSE
	EndGlobalSection
	GlobalSection(ExtensibilityGlobals) = postSolution
		SolutionGuid = {0A255F77-DD3E-498A-8D11-B63A57777B29}
	EndGlobalSection
EndGlobal
